
Microsoft Visual Studio Solution File, Format Version 12.00
# Visual Studio Version 17
VisualStudioVersion = 17.2.32505.173
MinimumVisualStudioVersion = 10.0.40219.1
Project("{9A19103F-16F7-4668-BE54-9A1E7A4F7556}") = "Bubbles.API.Tests", "Bubbles.API.Tests\Bubbles.API.Tests.csproj", "{4560BF80-1DF5-4652-A536-C1F5305E3F41}"
EndProject
Project("{FAE04EC0-301F-11D3-BF4B-00C04F79EFBC}") = "Bubbles.API", "Bubbles.API\Bubbles.API.csproj", "{612A7C14-FE70-407A-816B-EBE11FD91A3F}"
EndProject
Global
	GlobalSection(SolutionConfigurationPlatforms) = preSolution
		Debug|Any CPU = Debug|Any CPU
		Release|Any CPU = Release|Any CPU
	EndGlobalSection
	GlobalSection(ProjectConfigurationPlatforms) = postSolution
		{4560BF80-1DF5-4652-A536-C1F5305E3F41}.Debug|Any CPU.ActiveCfg = Debug|Any CPU
		{4560BF80-1DF5-4652-A536-C1F5305E3F41}.Debug|Any CPU.Build.0 = Debug|Any CPU
		{4560BF80-1DF5-4652-A536-C1F5305E3F41}.Release|Any CPU.ActiveCfg = Release|Any CPU
		{4560BF80-1DF5-4652-A536-C1F5305E3F41}.Release|Any CPU.Build.0 = Release|Any CPU
		{612A7C14-FE70-407A-816B-EBE11FD91A3F}.Debug|Any CPU.ActiveCfg = Debug|Any CPU
		{612A7C14-FE70-407A-816B-EBE11FD91A3F}.Debug|Any CPU.Build.0 = Debug|Any CPU
		{612A7C14-FE70-407A-816B-EBE11FD91A3F}.Release|Any CPU.ActiveCfg = Release|Any CPU
		{612A7C14-FE70-407A-816B-EBE11FD91A3F}.Release|Any CPU.Build.0 = Release|Any CPU
	EndGlobalSection
	GlobalSection(SolutionProperties) = preSolution
		HideSolutionNode = FALSE
	EndGlobalSection
	GlobalSection(ExtensibilityGlobals) = postSolution
		SolutionGuid = {115F8AFE-052C-4C9D-86EB-5DFC75B82CDB}
	EndGlobalSection
EndGlobal
